PODS:
  - CommonCryptoModule (1.0.2)
  - SwiftLint (0.25.1)
  - WolfChat (0.2.2):
    - WolfCore (~> 2.1)
  - WolfCore (2.2.2):
    - CommonCryptoModule
    - SwiftLint

DEPENDENCIES:
  - WolfChat (from `../`)
  - WolfCore (~> 2.2)

SPEC REPOS:
  https://github.com/CocoaPods/Specs.git:
    - CommonCryptoModule
    - SwiftLint
    - WolfCore

EXTERNAL SOURCES:
  WolfChat:
    :path: "../"

SPEC CHECKSUMS:
  CommonCryptoModule: 63a68b57abed79655b3a01011419bf037a05b0a0
  SwiftLint: ce933681be10c3266e82576dad676fa815a602e9
  WolfChat: 1a20f9e53b27c5dea2fa58834316d3bcdfceb1d9
  WolfCore: 29d4e8124a396f3b05457e190179ea2370c28b8e

PODFILE CHECKSUM: f135e1b2aab609ca38f6a8ea213000386df225b9

COCOAPODS: 1.5.0
