PODS:
  - CommonCryptoModule (1.0.2)
  - SwiftLint (0.25.1)
  - WolfChat (0.2.6):
    - WolfCore (~> 2.1)
  - WolfCore (2.2.6):
    - CommonCryptoModule
    - SwiftLint

DEPENDENCIES:
  - WolfChat (from `../`)
  - WolfCore (~> 2.2)

SPEC REPOS:
  https://github.com/CocoaPods/Specs.git:
    - CommonCryptoModule
    - SwiftLint
    - WolfCore

EXTERNAL SOURCES:
  WolfChat:
    :path: "../"

SPEC CHECKSUMS:
  CommonCryptoModule: 63a68b57abed79655b3a01011419bf037a05b0a0
  SwiftLint: ce933681be10c3266e82576dad676fa815a602e9
  WolfChat: 349c5b81ff1c1f6a5604ceb8b3101bbf78e759fe
  WolfCore: 07e33514d6f12309ffa4a73c9dd589e2bdf359a3

PODFILE CHECKSUM: f135e1b2aab609ca38f6a8ea213000386df225b9

COCOAPODS: 1.5.0
